// !$*UTF8*$!
{
	archiveVersion = 1;
	classes = {
	};
	objectVersion = 55;
	objects = {

/* Begin PBXBuildFile section */
		584E2E5E280DC34F0039B1FF /* AppDelegate.swift in Sources */ = {isa = PBXBuildFile; fileRef = 584E2E5D280DC34F0039B1FF /* AppDelegate.swift */; };
		584E2E60280DC34F0039B1FF /* SceneDelegate.swift in Sources */ = {isa = PBXBuildFile; fileRef = 584E2E5F280DC34F0039B1FF /* SceneDelegate.swift */; };
		584E2E65280DC34F0039B1FF /* Main.storyboard in Resources */ = {isa = PBXBuildFile; fileRef = 584E2E63280DC34F0039B1FF /* Main.storyboard */; };
		584E2E67280DC3510039B1FF /* Assets.xcassets in Resources */ = {isa = PBXBuildFile; fileRef = 584E2E66280DC3510039B1FF /* Assets.xcassets */; };
		584E2E6A280DC3510039B1FF /* LaunchScreen.storyboard in Resources */ = {isa = PBXBuildFile; fileRef = 584E2E68280DC3510039B1FF /* LaunchScreen.storyboard */; };
		584E2E72280DCC4C0039B1FF /* TableHeaderView.swift in Sources */ = {isa = PBXBuildFile; fileRef = 584E2E71280DCC4C0039B1FF /* TableHeaderView.swift */; };
		584E2E74280EFDFD0039B1FF /* TransacaoImageView.swift in Sources */ = {isa = PBXBuildFile; fileRef = 584E2E73280EFDFD0039B1FF /* TransacaoImageView.swift */; };
		584E2E7B280F2B4E0039B1FF /* ContasAPI.swift in Sources */ = {isa = PBXBuildFile; fileRef = 584E2E7A280F2B4E0039B1FF /* ContasAPI.swift */; };
		584E2E85280F53830039B1FF /* Custom+UIColor.swift in Sources */ = {isa = PBXBuildFile; fileRef = 584E2E84280F53830039B1FF /* Custom+UIColor.swift */; };
		584E2E9028105E480039B1FF /* ContaViewController.swift in Sources */ = {isa = PBXBuildFile; fileRef = 584E2E8F28105E480039B1FF /* ContaViewController.swift */; };
		B784163A292568C000919B18 /* TransacaoTableViewCell.swift in Sources */ = {isa = PBXBuildFile; fileRef = B7841639292568C000919B18 /* TransacaoTableViewCell.swift */; };
		B784163D29256C5C00919B18 /* Transacao.swift in Sources */ = {isa = PBXBuildFile; fileRef = B784163C29256C5C00919B18 /* Transacao.swift */; };
		B784163F2925701200919B18 /* CustomPatterns+DateFormatter.swift in Sources */ = {isa = PBXBuildFile; fileRef = B784163E2925701200919B18 /* CustomPatterns+DateFormatter.swift */; };
		B78416412925712E00919B18 /* Currency+NumberFormatter.swift in Sources */ = {isa = PBXBuildFile; fileRef = B78416402925712E00919B18 /* Currency+NumberFormatter.swift */; };
		B7841643292575A300919B18 /* Conta.swift in Sources */ = {isa = PBXBuildFile; fileRef = B7841642292575A300919B18 /* Conta.swift */; };
		B784164629257A3300919B18 /* SectionTitle.swift in Sources */ = {isa = PBXBuildFile; fileRef = B784164529257A3300919B18 /* SectionTitle.swift */; };
/* End PBXBuildFile section */

/* Begin PBXFileReference section */
		584E2E5A280DC34F0039B1FF /* LearningTask-6.2.app */ = {isa = PBXFileReference; explicitFileType = wrapper.application; includeInIndex = 0; path = "LearningTask-6.2.app"; sourceTree = BUILT_PRODUCTS_DIR; };
		584E2E5D280DC34F0039B1FF /* AppDelegate.swift */ = {isa = PBXFileReference; lastKnownFileType = sourcecode.swift; path = AppDelegate.swift; sourceTree = "<group>"; };
		584E2E5F280DC34F0039B1FF /* SceneDelegate.swift */ = {isa = PBXFileReference; lastKnownFileType = sourcecode.swift; path = SceneDelegate.swift; sourceTree = "<group>"; };
		584E2E64280DC34F0039B1FF /* Base */ = {isa = PBXFileReference; lastKnownFileType = file.storyboard; name = Base; path = Base.lproj/Main.storyboard; sourceTree = "<group>"; };
		584E2E66280DC3510039B1FF /* Assets.xcassets */ = {isa = PBXFileReference; lastKnownFileType = folder.assetcatalog; path = Assets.xcassets; sourceTree = "<group>"; };
		584E2E69280DC3510039B1FF /* Base */ = {isa = PBXFileReference; lastKnownFileType = file.storyboard; name = Base; path = Base.lproj/LaunchScreen.storyboard; sourceTree = "<group>"; };
		584E2E6B280DC3510039B1FF /* Info.plist */ = {isa = PBXFileReference; lastKnownFileType = text.plist.xml; path = Info.plist; sourceTree = "<group>"; };
		584E2E71280DCC4C0039B1FF /* TableHeaderView.swift */ = {isa = PBXFileReference; lastKnownFileType = sourcecode.swift; path = TableHeaderView.swift; sourceTree = "<group>"; };
		584E2E73280EFDFD0039B1FF /* TransacaoImageView.swift */ = {isa = PBXFileReference; lastKnownFileType = sourcecode.swift; path = TransacaoImageView.swift; sourceTree = "<group>"; };
		584E2E7A280F2B4E0039B1FF /* ContasAPI.swift */ = {isa = PBXFileReference; lastKnownFileType = sourcecode.swift; path = ContasAPI.swift; sourceTree = "<group>"; };
		584E2E84280F53830039B1FF /* Custom+UIColor.swift */ = {isa = PBXFileReference; lastKnownFileType = sourcecode.swift; path = "Custom+UIColor.swift"; sourceTree = "<group>"; };
		584E2E8F28105E480039B1FF /* ContaViewController.swift */ = {isa = PBXFileReference; lastKnownFileType = sourcecode.swift; path = ContaViewController.swift; sourceTree = "<group>"; };
		B7841639292568C000919B18 /* TransacaoTableViewCell.swift */ = {isa = PBXFileReference; lastKnownFileType = sourcecode.swift; path = TransacaoTableViewCell.swift; sourceTree = "<group>"; };
		B784163C29256C5C00919B18 /* Transacao.swift */ = {isa = PBXFileReference; lastKnownFileType = sourcecode.swift; path = Transacao.swift; sourceTree = "<group>"; };
		B784163E2925701200919B18 /* CustomPatterns+DateFormatter.swift */ = {isa = PBXFileReference; lastKnownFileType = sourcecode.swift; path = "CustomPatterns+DateFormatter.swift"; sourceTree = "<group>"; };
		B78416402925712E00919B18 /* Currency+NumberFormatter.swift */ = {isa = PBXFileReference; lastKnownFileType = sourcecode.swift; path = "Currency+NumberFormatter.swift"; sourceTree = "<group>"; };
		B7841642292575A300919B18 /* Conta.swift */ = {isa = PBXFileReference; lastKnownFileType = sourcecode.swift; path = Conta.swift; sourceTree = "<group>"; };
		B784164529257A3300919B18 /* SectionTitle.swift */ = {isa = PBXFileReference; lastKnownFileType = sourcecode.swift; path = SectionTitle.swift; sourceTree = "<group>"; };
/* End PBXFileReference section */

/* Begin PBXFrameworksBuildPhase section */
		584E2E57280DC34F0039B1FF /* Frameworks */ = {
			isa = PBXFrameworksBuildPhase;
			buildActionMask = 2147483647;
			files = (
			);
			runOnlyForDeploymentPostprocessing = 0;
		};
/* End PBXFrameworksBuildPhase section */

/* Begin PBXGroup section */
		584E2E51280DC34F0039B1FF = {
			isa = PBXGroup;
			children = (
				584E2E5C280DC34F0039B1FF /* LearningTask-6.2 */,
				584E2E5B280DC34F0039B1FF /* Products */,
			);
			sourceTree = "<group>";
		};
		584E2E5B280DC34F0039B1FF /* Products */ = {
			isa = PBXGroup;
			children = (
				584E2E5A280DC34F0039B1FF /* LearningTask-6.2.app */,
			);
			name = Products;
			sourceTree = "<group>";
		};
		584E2E5C280DC34F0039B1FF /* LearningTask-6.2 */ = {
			isa = PBXGroup;
			children = (
				584E2E87280F56510039B1FF /* Supportive Files */,
				584E2E66280DC3510039B1FF /* Assets.xcassets */,
				584E2E89280F57DE0039B1FF /* Common */,
				584E2E8E280F5B160039B1FF /* API */,
				B784163B29256C2E00919B18 /* Models */,
				584E2E88280F576D0039B1FF /* View */,
				584E2E8A280F58290039B1FF /* Scenes */,
			);
			path = "LearningTask-6.2";
			sourceTree = "<group>";
		};
		584E2E87280F56510039B1FF /* Supportive Files */ = {
			isa = PBXGroup;
			children = (
				584E2E5D280DC34F0039B1FF /* AppDelegate.swift */,
				584E2E5F280DC34F0039B1FF /* SceneDelegate.swift */,
				584E2E68280DC3510039B1FF /* LaunchScreen.storyboard */,
				584E2E6B280DC3510039B1FF /* Info.plist */,
			);
			name = "Supportive Files";
			sourceTree = "<group>";
		};
		584E2E88280F576D0039B1FF /* View */ = {
			isa = PBXGroup;
			children = (
				B784164429257A1000919B18 /* Components */,
				584E2E63280DC34F0039B1FF /* Main.storyboard */,
			);
			path = View;
			sourceTree = "<group>";
		};
		584E2E89280F57DE0039B1FF /* Common */ = {
			isa = PBXGroup;
			children = (
				584E2E8C280F59960039B1FF /* Extensions */,
			);
			path = Common;
			sourceTree = "<group>";
		};
		584E2E8A280F58290039B1FF /* Scenes */ = {
			isa = PBXGroup;
			children = (
				584E2E8F28105E480039B1FF /* ContaViewController.swift */,
				584E2E8B280F58600039B1FF /* Conta */,
			);
			path = Scenes;
			sourceTree = "<group>";
		};
		584E2E8B280F58600039B1FF /* Conta */ = {
			isa = PBXGroup;
			children = (
				584E2E8D280F5B000039B1FF /* View */,
			);
			path = Conta;
			sourceTree = "<group>";
		};
		584E2E8C280F59960039B1FF /* Extensions */ = {
			isa = PBXGroup;
			children = (
				584E2E84280F53830039B1FF /* Custom+UIColor.swift */,
				B784163E2925701200919B18 /* CustomPatterns+DateFormatter.swift */,
				B78416402925712E00919B18 /* Currency+NumberFormatter.swift */,
			);
			path = Extensions;
			sourceTree = "<group>";
		};
		584E2E8D280F5B000039B1FF /* View */ = {
			isa = PBXGroup;
			children = (
				584E2E71280DCC4C0039B1FF /* TableHeaderView.swift */,
				584E2E73280EFDFD0039B1FF /* TransacaoImageView.swift */,
				B7841639292568C000919B18 /* TransacaoTableViewCell.swift */,
			);
			path = View;
			sourceTree = "<group>";
		};
		584E2E8E280F5B160039B1FF /* API */ = {
			isa = PBXGroup;
			children = (
				584E2E7A280F2B4E0039B1FF /* ContasAPI.swift */,
			);
			path = API;
			sourceTree = "<group>";
		};
		B784163B29256C2E00919B18 /* Models */ = {
			isa = PBXGroup;
			children = (
				B784163C29256C5C00919B18 /* Transacao.swift */,
				B7841642292575A300919B18 /* Conta.swift */,
			);
			path = Models;
			sourceTree = "<group>";
		};
		B784164429257A1000919B18 /* Components */ = {
			isa = PBXGroup;
			children = (
				B784164529257A3300919B18 /* SectionTitle.swift */,
			);
			path = Components;
			sourceTree = "<group>";
		};
/* End PBXGroup section */

/* Begin PBXNativeTarget section */
		584E2E59280DC34F0039B1FF /* LearningTask-6.2 */ = {
			isa = PBXNativeTarget;
			buildConfigurationList = 584E2E6E280DC3510039B1FF /* Build configuration list for PBXNativeTarget "LearningTask-6.2" */;
			buildPhases = (
				584E2E56280DC34F0039B1FF /* Sources */,
				584E2E57280DC34F0039B1FF /* Frameworks */,
				584E2E58280DC34F0039B1FF /* Resources */,
			);
			buildRules = (
			);
			dependencies = (
			);
			name = "LearningTask-6.2";
			productName = "LearningTask-6.2";
			productReference = 584E2E5A280DC34F0039B1FF /* LearningTask-6.2.app */;
			productType = "com.apple.product-type.application";
		};
/* End PBXNativeTarget section */

/* Begin PBXProject section */
		584E2E52280DC34F0039B1FF /* Project object */ = {
			isa = PBXProject;
			attributes = {
				BuildIndependentTargetsInParallel = 1;
				LastSwiftUpdateCheck = 1320;
				LastUpgradeCheck = 1320;
				TargetAttributes = {
					584E2E59280DC34F0039B1FF = {
						CreatedOnToolsVersion = 13.2.1;
					};
				};
			};
			buildConfigurationList = 584E2E55280DC34F0039B1FF /* Build configuration list for PBXProject "LearningTask-6.2" */;
			compatibilityVersion = "Xcode 13.0";
			developmentRegion = en;
			hasScannedForEncodings = 0;
			knownRegions = (
				en,
				Base,
			);
			mainGroup = 584E2E51280DC34F0039B1FF;
			productRefGroup = 584E2E5B280DC34F0039B1FF /* Products */;
			projectDirPath = "";
			projectRoot = "";
			targets = (
				584E2E59280DC34F0039B1FF /* LearningTask-6.2 */,
			);
		};
/* End PBXProject section */

/* Begin PBXResourcesBuildPhase section */
		584E2E58280DC34F0039B1FF /* Resources */ = {
			isa = PBXResourcesBuildPhase;
			buildActionMask = 2147483647;
			files = (
				584E2E6A280DC3510039B1FF /* LaunchScreen.storyboard in Resources */,
				584E2E67280DC3510039B1FF /* Assets.xcassets in Resources */,
				584E2E65280DC34F0039B1FF /* Main.storyboard in Resources */,
			);
			runOnlyForDeploymentPostprocessing = 0;
		};
/* End PBXResourcesBuildPhase section */

/* Begin PBXSourcesBuildPhase section */
		584E2E56280DC34F0039B1FF /* Sources */ = {
			isa = PBXSourcesBuildPhase;
			buildActionMask = 2147483647;
			files = (
				584E2E74280EFDFD0039B1FF /* TransacaoImageView.swift in Sources */,
				584E2E72280DCC4C0039B1FF /* TableHeaderView.swift in Sources */,
				B784163D29256C5C00919B18 /* Transacao.swift in Sources */,
				B7841643292575A300919B18 /* Conta.swift in Sources */,
				584E2E7B280F2B4E0039B1FF /* ContasAPI.swift in Sources */,
				B78416412925712E00919B18 /* Currency+NumberFormatter.swift in Sources */,
				584E2E85280F53830039B1FF /* Custom+UIColor.swift in Sources */,
				584E2E9028105E480039B1FF /* ContaViewController.swift in Sources */,
				B784163F2925701200919B18 /* CustomPatterns+DateFormatter.swift in Sources */,
				B784164629257A3300919B18 /* SectionTitle.swift in Sources */,
				584E2E5E280DC34F0039B1FF /* AppDelegate.swift in Sources */,
				B784163A292568C000919B18 /* TransacaoTableViewCell.swift in Sources */,
				584E2E60280DC34F0039B1FF /* SceneDelegate.swift in Sources */,
			);
			runOnlyForDeploymentPostprocessing = 0;
		};
/* End PBXSourcesBuildPhase section */

/* Begin PBXVariantGroup section */
		584E2E63280DC34F0039B1FF /* Main.storyboard */ = {
			isa = PBXVariantGroup;
			children = (
				584E2E64280DC34F0039B1FF /* Base */,
			);
			name = Main.storyboard;
			sourceTree = "<group>";
		};
		584E2E68280DC3510039B1FF /* LaunchScreen.storyboard */ = {
			isa = PBXVariantGroup;
			children = (
				584E2E69280DC3510039B1FF /* Base */,
			);
			name = LaunchScreen.storyboard;
			sourceTree = "<group>";
		};
/* End PBXVariantGroup section */

/* Begin XCBuildConfiguration section */
		584E2E6C280DC3510039B1FF /* Debug */ = {
			isa = XCBuildConfiguration;
			buildSettings = {
				ALWAYS_SEARCH_USER_PATHS = NO;
				CLANG_ANALYZER_NONNULL = YES;
				CLANG_ANALYZER_NUMBER_OBJECT_CONVERSION = YES_AGGRESSIVE;
				CLANG_CXX_LANGUAGE_STANDARD = "gnu++17";
				CLANG_CXX_LIBRARY = "libc++";
				CLANG_ENABLE_MODULES = YES;
				CLANG_ENABLE_OBJC_ARC = YES;
				CLANG_ENABLE_OBJC_WEAK = YES;
				CLANG_WARN_BLOCK_CAPTURE_AUTORELEASING = YES;
				CLANG_WARN_BOOL_CONVERSION = YES;
				CLANG_WARN_COMMA = YES;
				CLANG_WARN_CONSTANT_CONVERSION = YES;
				CLANG_WARN_DEPRECATED_OBJC_IMPLEMENTATIONS = YES;
				CLANG_WARN_DIRECT_OBJC_ISA_USAGE = YES_ERROR;
				CLANG_WARN_DOCUMENTATION_COMMENTS = YES;
				CLANG_WARN_EMPTY_BODY = YES;
				CLANG_WARN_ENUM_CONVERSION = YES;
				CLANG_WARN_INFINITE_RECURSION = YES;
				CLANG_WARN_INT_CONVERSION = YES;
				CLANG_WARN_NON_LITERAL_NULL_CONVERSION = YES;
				CLANG_WARN_OBJC_IMPLICIT_RETAIN_SELF = YES;
				CLANG_WARN_OBJC_LITERAL_CONVERSION = YES;
				CLANG_WARN_OBJC_ROOT_CLASS = YES_ERROR;
				CLANG_WARN_QUOTED_INCLUDE_IN_FRAMEWORK_HEADER = YES;
				CLANG_WARN_RANGE_LOOP_ANALYSIS = YES;
				CLANG_WARN_STRICT_PROTOTYPES = YES;
				CLANG_WARN_SUSPICIOUS_MOVE = YES;
				CLANG_WARN_UNGUARDED_AVAILABILITY = YES_AGGRESSIVE;
				CLANG_WARN_UNREACHABLE_CODE = YES;
				CLANG_WARN__DUPLICATE_METHOD_MATCH = YES;
				COPY_PHASE_STRIP = NO;
				DEBUG_INFORMATION_FORMAT = dwarf;
				ENABLE_STRICT_OBJC_MSGSEND = YES;
				ENABLE_TESTABILITY = YES;
				GCC_C_LANGUAGE_STANDARD = gnu11;
				GCC_DYNAMIC_NO_PIC = NO;
				GCC_NO_COMMON_BLOCKS = YES;
				GCC_OPTIMIZATION_LEVEL = 0;
				GCC_PREPROCESSOR_DEFINITIONS = (
					"DEBUG=1",
					"$(inherited)",
				);
				GCC_WARN_64_TO_32_BIT_CONVERSION = YES;
				GCC_WARN_ABOUT_RETURN_TYPE = YES_ERROR;
				GCC_WARN_UNDECLARED_SELECTOR = YES;
				GCC_WARN_UNINITIALIZED_AUTOS = YES_AGGRESSIVE;
				GCC_WARN_UNUSED_FUNCTION = YES;
				GCC_WARN_UNUSED_VARIABLE = YES;
				IPHONEOS_DEPLOYMENT_TARGET = 15.2;
				MTL_ENABLE_DEBUG_INFO = INCLUDE_SOURCE;
				MTL_FAST_MATH = YES;
				ONLY_ACTIVE_ARCH = YES;
				SDKROOT = iphoneos;
				SWIFT_ACTIVE_COMPILATION_CONDITIONS = DEBUG;
				SWIFT_OPTIMIZATION_LEVEL = "-Onone";
			};
			name = Debug;
		};
		584E2E6D280DC3510039B1FF /* Release */ = {
			isa = XCBuildConfiguration;
			buildSettings = {
				ALWAYS_SEARCH_USER_PATHS = NO;
				CLANG_ANALYZER_NONNULL = YES;
				CLANG_ANALYZER_NUMBER_OBJECT_CONVERSION = YES_AGGRESSIVE;
				CLANG_CXX_LANGUAGE_STANDARD = "gnu++17";
				CLANG_CXX_LIBRARY = "libc++";
				CLANG_ENABLE_MODULES = YES;
				CLANG_ENABLE_OBJC_ARC = YES;
				CLANG_ENABLE_OBJC_WEAK = YES;
				CLANG_WARN_BLOCK_CAPTURE_AUTORELEASING = YES;
				CLANG_WARN_BOOL_CONVERSION = YES;
				CLANG_WARN_COMMA = YES;
				CLANG_WARN_CONSTANT_CONVERSION = YES;
				CLANG_WARN_DEPRECATED_OBJC_IMPLEMENTATIONS = YES;
				CLANG_WARN_DIRECT_OBJC_ISA_USAGE = YES_ERROR;
				CLANG_WARN_DOCUMENTATION_COMMENTS = YES;
				CLANG_WARN_EMPTY_BODY = YES;
				CLANG_WARN_ENUM_CONVERSION = YES;
				CLANG_WARN_INFINITE_RECURSION = YES;
				CLANG_WARN_INT_CONVERSION = YES;
				CLANG_WARN_NON_LITERAL_NULL_CONVERSION = YES;
				CLANG_WARN_OBJC_IMPLICIT_RETAIN_SELF = YES;
				CLANG_WARN_OBJC_LITERAL_CONVERSION = YES;
				CLANG_WARN_OBJC_ROOT_CLASS = YES_ERROR;
				CLANG_WARN_QUOTED_INCLUDE_IN_FRAMEWORK_HEADER = YES;
				CLANG_WARN_RANGE_LOOP_ANALYSIS = YES;
				CLANG_WARN_STRICT_PROTOTYPES = YES;
				CLANG_WARN_SUSPICIOUS_MOVE = YES;
				CLANG_WARN_UNGUARDED_AVAILABILITY = YES_AGGRESSIVE;
				CLANG_WARN_UNREACHABLE_CODE = YES;
				CLANG_WARN__DUPLICATE_METHOD_MATCH = YES;
				COPY_PHASE_STRIP = NO;
				DEBUG_INFORMATION_FORMAT = "dwarf-with-dsym";
				ENABLE_NS_ASSERTIONS = NO;
				ENABLE_STRICT_OBJC_MSGSEND = YES;
				GCC_C_LANGUAGE_STANDARD = gnu11;
				GCC_NO_COMMON_BLOCKS = YES;
				GCC_WARN_64_TO_32_BIT_CONVERSION = YES;
				GCC_WARN_ABOUT_RETURN_TYPE = YES_ERROR;
				GCC_WARN_UNDECLARED_SELECTOR = YES;
				GCC_WARN_UNINITIALIZED_AUTOS = YES_AGGRESSIVE;
				GCC_WARN_UNUSED_FUNCTION = YES;
				GCC_WARN_UNUSED_VARIABLE = YES;
				IPHONEOS_DEPLOYMENT_TARGET = 15.2;
				MTL_ENABLE_DEBUG_INFO = NO;
				MTL_FAST_MATH = YES;
				SDKROOT = iphoneos;
				SWIFT_COMPILATION_MODE = wholemodule;
				SWIFT_OPTIMIZATION_LEVEL = "-O";
				VALIDATE_PRODUCT = YES;
			};
			name = Release;
		};
		584E2E6F280DC3510039B1FF /* Debug */ = {
			isa = XCBuildConfiguration;
			buildSettings = {
				ASSETCATALOG_COMPILER_APPICON_NAME = AppIcon;
				ASSETCATALOG_COMPILER_GLOBAL_ACCENT_COLOR_NAME = AccentColor;
				CODE_SIGN_STYLE = Automatic;
				CURRENT_PROJECT_VERSION = 1;
				GENERATE_INFOPLIST_FILE = YES;
				INFOPLIST_FILE = "LearningTask-6.2/Info.plist";
				INFOPLIST_KEY_UIApplicationSupportsIndirectInputEvents = YES;
				INFOPLIST_KEY_UILaunchStoryboardName = LaunchScreen;
				INFOPLIST_KEY_UIMainStoryboardFile = Main;
				INFOPLIST_KEY_UISupportedInterfaceOrientations_iPad = "UIInterfaceOrientationPortrait UIInterfaceOrientationPortraitUpsideDown UIInterfaceOrientationLandscapeLeft UIInterfaceOrientationLandscapeRight";
				INFOPLIST_KEY_UISupportedInterfaceOrientations_iPhone = "UIInterfaceOrientationPortrait UIInterfaceOrientationLandscapeLeft UIInterfaceOrientationLandscapeRight";
				LD_RUNPATH_SEARCH_PATHS = (
					"$(inherited)",
					"@executable_path/Frameworks",
				);
				MARKETING_VERSION = 1.0;
				PRODUCT_BUNDLE_IDENTIFIER = "br.com.zup.LearningTask-6-2";
				PRODUCT_NAME = "$(TARGET_NAME)";
				SWIFT_EMIT_LOC_STRINGS = YES;
				SWIFT_VERSION = 5.0;
				TARGETED_DEVICE_FAMILY = "1,2";
			};
			name = Debug;
		};
		584E2E70280DC3510039B1FF /* Release */ = {
			isa = XCBuildConfiguration;
			buildSettings = {
				ASSETCATALOG_COMPILER_APPICON_NAME = AppIcon;
				ASSETCATALOG_COMPILER_GLOBAL_ACCENT_COLOR_NAME = AccentColor;
				CODE_SIGN_STYLE = Automatic;
				CURRENT_PROJECT_VERSION = 1;
				GENERATE_INFOPLIST_FILE = YES;
				INFOPLIST_FILE = "LearningTask-6.2/Info.plist";
				INFOPLIST_KEY_UIApplicationSupportsIndirectInputEvents = YES;
				INFOPLIST_KEY_UILaunchStoryboardName = LaunchScreen;
				INFOPLIST_KEY_UIMainStoryboardFile = Main;
				INFOPLIST_KEY_UISupportedInterfaceOrientations_iPad = "UIInterfaceOrientationPortrait UIInterfaceOrientationPortraitUpsideDown UIInterfaceOrientationLandscapeLeft UIInterfaceOrientationLandscapeRight";
				INFOPLIST_KEY_UISupportedInterfaceOrientations_iPhone = "UIInterfaceOrientationPortrait UIInterfaceOrientationLandscapeLeft UIInterfaceOrientationLandscapeRight";
				LD_RUNPATH_SEARCH_PATHS = (
					"$(inherited)",
					"@executable_path/Frameworks",
				);
				MARKETING_VERSION = 1.0;
				PRODUCT_BUNDLE_IDENTIFIER = "br.com.zup.LearningTask-6-2";
				PRODUCT_NAME = "$(TARGET_NAME)";
				SWIFT_EMIT_LOC_STRINGS = YES;
				SWIFT_VERSION = 5.0;
				TARGETED_DEVICE_FAMILY = "1,2";
			};
			name = Release;
		};
/* End XCBuildConfiguration section */

/* Begin XCConfigurationList section */
		584E2E55280DC34F0039B1FF /* Build configuration list for PBXProject "LearningTask-6.2" */ = {
			isa = XCConfigurationList;
			buildConfigurations = (
				584E2E6C280DC3510039B1FF /* Debug */,
				584E2E6D280DC3510039B1FF /* Release */,
			);
			defaultConfigurationIsVisible = 0;
			defaultConfigurationName = Release;
		};
		584E2E6E280DC3510039B1FF /* Build configuration list for PBXNativeTarget "LearningTask-6.2" */ = {
			isa = XCConfigurationList;
			buildConfigurations = (
				584E2E6F280DC3510039B1FF /* Debug */,
				584E2E70280DC3510039B1FF /* Release */,
			);
			defaultConfigurationIsVisible = 0;
			defaultConfigurationName = Release;
		};
/* End XCConfigurationList section */
	};
	rootObject = 584E2E52280DC34F0039B1FF /* Project object */;
}
